{
  "object": {
    "pins": [
      {
        "package": "WZUIKit",
        "repositoryURL": "https://gitee.com/rn-wyz/WZUIKit.git",
        "state": {
          "branch": "main",
          "revision": "fa7e5a41f02701fa58871117b4b94360b5d91f83",
          "version": null
        }
      }
    ]
  },
  "version": 1
}
